
Microsoft Visual Studio Solution File, Format Version 12.00
# Visual Studio Version 16
VisualStudioVersion = 16.0.30804.86
MinimumVisualStudioVersion = 10.0.40219.1
Project("{2150E333-8FDC-42A3-9474-1A3956D46DE8}") = "Tests", "Tests", "{522FB73D-FF07-4848-8588-C284BC5215B5}"
EndProject
Project("{9A19103F-16F7-4668-BE54-9A1E7A4F7556}") = "TuttiFruit.Candy.TestHarness", "TuttiFruit.Candy.TestHarness\TuttiFruit.Candy.TestHarness.csproj", "{1DEBE4FA-CEC8-459F-B726-BC22FF3250FF}"
EndProject
Project("{2150E333-8FDC-42A3-9474-1A3956D46DE8}") = "src", "src", "{D0CC739A-3255-46D5-912C-B19461CB6704}"
EndProject
Project("{9A19103F-16F7-4668-BE54-9A1E7A4F7556}") = "TuttiFruit.Candy.Rabbit", "TuttiFruit.Candy.Rabbit\TuttiFruit.Candy.Rabbit.csproj", "{CE3E8C25-A0F0-4BD4-ACC5-FF886C195F33}"
EndProject
Project("{FAE04EC0-301F-11D3-BF4B-00C04F79EFBC}") = "TuttiFruit.Candy.UnitTests", "TuttiFruit.Candy.UnitTests\TuttiFruit.Candy.UnitTests.csproj", "{C05E2CE8-66C0-4B61-98C9-28AB87EFEFD6}"
EndProject
Global
	GlobalSection(SolutionConfigurationPlatforms) = preSolution
		Debug|Any CPU = Debug|Any CPU
		Release|Any CPU = Release|Any CPU
	EndGlobalSection
	GlobalSection(ProjectConfigurationPlatforms) = postSolution
		{1DEBE4FA-CEC8-459F-B726-BC22FF3250FF}.Debug|Any CPU.ActiveCfg = Debug|Any CPU
		{1DEBE4FA-CEC8-459F-B726-BC22FF3250FF}.Debug|Any CPU.Build.0 = Debug|Any CPU
		{1DEBE4FA-CEC8-459F-B726-BC22FF3250FF}.Release|Any CPU.ActiveCfg = Release|Any CPU
		{1DEBE4FA-CEC8-459F-B726-BC22FF3250FF}.Release|Any CPU.Build.0 = Release|Any CPU
		{CE3E8C25-A0F0-4BD4-ACC5-FF886C195F33}.Debug|Any CPU.ActiveCfg = Debug|Any CPU
		{CE3E8C25-A0F0-4BD4-ACC5-FF886C195F33}.Debug|Any CPU.Build.0 = Debug|Any CPU
		{CE3E8C25-A0F0-4BD4-ACC5-FF886C195F33}.Release|Any CPU.ActiveCfg = Release|Any CPU
		{CE3E8C25-A0F0-4BD4-ACC5-FF886C195F33}.Release|Any CPU.Build.0 = Release|Any CPU
		{C05E2CE8-66C0-4B61-98C9-28AB87EFEFD6}.Debug|Any CPU.ActiveCfg = Debug|Any CPU
		{C05E2CE8-66C0-4B61-98C9-28AB87EFEFD6}.Debug|Any CPU.Build.0 = Debug|Any CPU
		{C05E2CE8-66C0-4B61-98C9-28AB87EFEFD6}.Release|Any CPU.ActiveCfg = Release|Any CPU
		{C05E2CE8-66C0-4B61-98C9-28AB87EFEFD6}.Release|Any CPU.Build.0 = Release|Any CPU
	EndGlobalSection
	GlobalSection(SolutionProperties) = preSolution
		HideSolutionNode = FALSE
	EndGlobalSection
	GlobalSection(NestedProjects) = preSolution
		{1DEBE4FA-CEC8-459F-B726-BC22FF3250FF} = {522FB73D-FF07-4848-8588-C284BC5215B5}
		{CE3E8C25-A0F0-4BD4-ACC5-FF886C195F33} = {D0CC739A-3255-46D5-912C-B19461CB6704}
		{C05E2CE8-66C0-4B61-98C9-28AB87EFEFD6} = {522FB73D-FF07-4848-8588-C284BC5215B5}
	EndGlobalSection
	GlobalSection(ExtensibilityGlobals) = postSolution
		SolutionGuid = {09C369DC-D872-45A0-A476-4AB1441D2565}
	EndGlobalSection
EndGlobal
