
Microsoft Visual Studio Solution File, Format Version 12.00
# Visual Studio Version 16
VisualStudioVersion = 16.0.30804.86
MinimumVisualStudioVersion = 10.0.40219.1
Project("{9A19103F-16F7-4668-BE54-9A1E7A4F7556}") = "TuttiFruit.Candy", "TuttiFruit.Candy\TuttiFruit.Candy.csproj", "{89DEF2BB-F08D-4E81-99B0-558E73A11EBC}"
EndProject
Project("{9A19103F-16F7-4668-BE54-9A1E7A4F7556}") = "TuttiFruit.Candy.Core", "TuttiFruit.Candy.Core\TuttiFruit.Candy.Core.csproj", "{8F3EDB85-3D4A-48CD-A449-F9D5D55A465B}"
EndProject
Project("{2150E333-8FDC-42A3-9474-1A3956D46DE8}") = "Core", "Core", "{D0328F36-B17A-4FBA-A57B-0E838FD80816}"
EndProject
Project("{2150E333-8FDC-42A3-9474-1A3956D46DE8}") = "Infrastructure", "Infrastructure", "{510C5A86-DD0C-49D0-A4F7-39655E20DF70}"
EndProject
Project("{FAE04EC0-301F-11D3-BF4B-00C04F79EFBC}") = "TuttiFruit.Candy.RabbitMq", "TuttiFruit.Candy.RabbitMq\TuttiFruit.Candy.RabbitMq.csproj", "{EB3D6265-139C-4E34-A247-2CE1A021A6A3}"
EndProject
Project("{FAE04EC0-301F-11D3-BF4B-00C04F79EFBC}") = "TuttiFruit.Candy.RedisMq", "TuttiFruit.Candy.RedisMq\TuttiFruit.Candy.RedisMq.csproj", "{CD9F841B-43F0-4571-96CB-CF31A49B8198}"
EndProject
Global
	GlobalSection(SolutionConfigurationPlatforms) = preSolution
		Debug|Any CPU = Debug|Any CPU
		Release|Any CPU = Release|Any CPU
	EndGlobalSection
	GlobalSection(ProjectConfigurationPlatforms) = postSolution
		{89DEF2BB-F08D-4E81-99B0-558E73A11EBC}.Debug|Any CPU.ActiveCfg = Debug|Any CPU
		{89DEF2BB-F08D-4E81-99B0-558E73A11EBC}.Debug|Any CPU.Build.0 = Debug|Any CPU
		{89DEF2BB-F08D-4E81-99B0-558E73A11EBC}.Release|Any CPU.ActiveCfg = Release|Any CPU
		{89DEF2BB-F08D-4E81-99B0-558E73A11EBC}.Release|Any CPU.Build.0 = Release|Any CPU
		{8F3EDB85-3D4A-48CD-A449-F9D5D55A465B}.Debug|Any CPU.ActiveCfg = Debug|Any CPU
		{8F3EDB85-3D4A-48CD-A449-F9D5D55A465B}.Debug|Any CPU.Build.0 = Debug|Any CPU
		{8F3EDB85-3D4A-48CD-A449-F9D5D55A465B}.Release|Any CPU.ActiveCfg = Release|Any CPU
		{8F3EDB85-3D4A-48CD-A449-F9D5D55A465B}.Release|Any CPU.Build.0 = Release|Any CPU
		{EB3D6265-139C-4E34-A247-2CE1A021A6A3}.Debug|Any CPU.ActiveCfg = Debug|Any CPU
		{EB3D6265-139C-4E34-A247-2CE1A021A6A3}.Debug|Any CPU.Build.0 = Debug|Any CPU
		{EB3D6265-139C-4E34-A247-2CE1A021A6A3}.Release|Any CPU.ActiveCfg = Release|Any CPU
		{EB3D6265-139C-4E34-A247-2CE1A021A6A3}.Release|Any CPU.Build.0 = Release|Any CPU
		{CD9F841B-43F0-4571-96CB-CF31A49B8198}.Debug|Any CPU.ActiveCfg = Debug|Any CPU
		{CD9F841B-43F0-4571-96CB-CF31A49B8198}.Debug|Any CPU.Build.0 = Debug|Any CPU
		{CD9F841B-43F0-4571-96CB-CF31A49B8198}.Release|Any CPU.ActiveCfg = Release|Any CPU
		{CD9F841B-43F0-4571-96CB-CF31A49B8198}.Release|Any CPU.Build.0 = Release|Any CPU
	EndGlobalSection
	GlobalSection(SolutionProperties) = preSolution
		HideSolutionNode = FALSE
	EndGlobalSection
	GlobalSection(NestedProjects) = preSolution
		{8F3EDB85-3D4A-48CD-A449-F9D5D55A465B} = {D0328F36-B17A-4FBA-A57B-0E838FD80816}
		{EB3D6265-139C-4E34-A247-2CE1A021A6A3} = {510C5A86-DD0C-49D0-A4F7-39655E20DF70}
		{CD9F841B-43F0-4571-96CB-CF31A49B8198} = {510C5A86-DD0C-49D0-A4F7-39655E20DF70}
	EndGlobalSection
	GlobalSection(ExtensibilityGlobals) = postSolution
		SolutionGuid = {09C369DC-D872-45A0-A476-4AB1441D2565}
	EndGlobalSection
EndGlobal
